
Microsoft Visual Studio Solution File, Format Version 12.00
# Visual Studio 2012
Project("{2150E333-8FDC-42A3-9474-1A3956D46DE8}") = "WFTFGD.UI", "WFTFGD.UI", "{488FEB55-0822-4327-96E3-542D988D1249}"
EndProject
Project("{2150E333-8FDC-42A3-9474-1A3956D46DE8}") = "WFTFGD.FileOperation", "WFTFGD.FileOperation", "{B560E29F-2652-4C0B-82C9-0BAD5C65F4A5}"
EndProject
Project("{FAE04EC0-301F-11D3-BF4B-00C04F79EFBC}") = "WFTFGD.FileOperation.DifferencePatch", "WFTFGD.FileOperation.DifferencePatch\WFTFGD.FileOperation.DifferencePatch.csproj", "{D59D0AD3-F31E-4DBE-979A-0C26C1BF3DDA}"
EndProject
Project("{FAE04EC0-301F-11D3-BF4B-00C04F79EFBC}") = "WFTFGD.UI.MainWindow", "WFTFGD.UI.MainWindow\WFTFGD.UI.MainWindow.csproj", "{6821AB30-992D-4F81-99EB-6B9E28F9FE43}"
EndProject
Project("{2150E333-8FDC-42A3-9474-1A3956D46DE8}") = "WFTFGD.CloudStorage", "WFTFGD.CloudStorage", "{11DEE367-C7E5-46DB-8C04-7FD544A5DF89}"
EndProject
Project("{FAE04EC0-301F-11D3-BF4B-00C04F79EFBC}") = "WFTFGD.CloudStorage.GoogleDriveAPI", "WFTFGD.CloudStorage.GoogleDriveAPI\WFTFGD.CloudStorage.GoogleDriveAPI.csproj", "{6A25E6B3-529C-42F2-997A-B8A2BD2B2A36}"
EndProject
Project("{FAE04EC0-301F-11D3-BF4B-00C04F79EFBC}") = "WFTFGD.UI.TrackedFilesListWindow", "WFTFGD.UI.TrackedFilesList\WFTFGD.UI.TrackedFilesListWindow.csproj", "{5F9609BE-BD5B-4969-A88D-20D3CC942A50}"
EndProject
Project("{FAE04EC0-301F-11D3-BF4B-00C04F79EFBC}") = "WFTFGD.Adapters", "WFTFGD.CloudFileTracking\WFTFGD.Adapters.csproj", "{CADFB63A-760B-4F80-93D7-6F4B4DC4E8F7}"
EndProject
Project("{FAE04EC0-301F-11D3-BF4B-00C04F79EFBC}") = "WFTFGD.UI.AuthorizationWindow", "WFTFGD.UI.AuthorizationWindow\WFTFGD.UI.AuthorizationWindow.csproj", "{AEDBBE08-5FB6-4A62-96FE-7E6D414DAA26}"
EndProject
Project("{FAE04EC0-301F-11D3-BF4B-00C04F79EFBC}") = "WFTFGD.Aggregators", "WFTFGD.Aggregators\WFTFGD.Aggregators.csproj", "{0A947B8D-ED4B-4DD6-B96C-FDB2772E4C3A}"
EndProject
Project("{FAE04EC0-301F-11D3-BF4B-00C04F79EFBC}") = "WFTFGD.UI.ProgressWindow", "WFTFGD.UI.ProgressWindow\WFTFGD.UI.ProgressWindow.csproj", "{34073AB8-F09F-43FA-89DB-8A4B7BF4CD22}"
EndProject
Project("{FAE04EC0-301F-11D3-BF4B-00C04F79EFBC}") = "WFTFGD.UI.GetSpecificVersionWindow", "WFTFGD.UI.GetSpecificVersionWindow\WFTFGD.UI.GetSpecificVersionWindow.csproj", "{3F42AA82-D117-4D17-BD49-74E33D319AE8}"
EndProject
Global
	GlobalSection(SolutionConfigurationPlatforms) = preSolution
		Debug|Any CPU = Debug|Any CPU
		Release|Any CPU = Release|Any CPU
	EndGlobalSection
	GlobalSection(ProjectConfigurationPlatforms) = postSolution
		{D59D0AD3-F31E-4DBE-979A-0C26C1BF3DDA}.Debug|Any CPU.ActiveCfg = Debug|Any CPU
		{D59D0AD3-F31E-4DBE-979A-0C26C1BF3DDA}.Debug|Any CPU.Build.0 = Debug|Any CPU
		{D59D0AD3-F31E-4DBE-979A-0C26C1BF3DDA}.Release|Any CPU.ActiveCfg = Release|Any CPU
		{D59D0AD3-F31E-4DBE-979A-0C26C1BF3DDA}.Release|Any CPU.Build.0 = Release|Any CPU
		{6821AB30-992D-4F81-99EB-6B9E28F9FE43}.Debug|Any CPU.ActiveCfg = Debug|Any CPU
		{6821AB30-992D-4F81-99EB-6B9E28F9FE43}.Debug|Any CPU.Build.0 = Debug|Any CPU
		{6821AB30-992D-4F81-99EB-6B9E28F9FE43}.Release|Any CPU.ActiveCfg = Release|Any CPU
		{6821AB30-992D-4F81-99EB-6B9E28F9FE43}.Release|Any CPU.Build.0 = Release|Any CPU
		{6A25E6B3-529C-42F2-997A-B8A2BD2B2A36}.Debug|Any CPU.ActiveCfg = Debug|Any CPU
		{6A25E6B3-529C-42F2-997A-B8A2BD2B2A36}.Debug|Any CPU.Build.0 = Debug|Any CPU
		{6A25E6B3-529C-42F2-997A-B8A2BD2B2A36}.Release|Any CPU.ActiveCfg = Release|Any CPU
		{6A25E6B3-529C-42F2-997A-B8A2BD2B2A36}.Release|Any CPU.Build.0 = Release|Any CPU
		{5F9609BE-BD5B-4969-A88D-20D3CC942A50}.Debug|Any CPU.ActiveCfg = Debug|Any CPU
		{5F9609BE-BD5B-4969-A88D-20D3CC942A50}.Debug|Any CPU.Build.0 = Debug|Any CPU
		{5F9609BE-BD5B-4969-A88D-20D3CC942A50}.Release|Any CPU.ActiveCfg = Release|Any CPU
		{5F9609BE-BD5B-4969-A88D-20D3CC942A50}.Release|Any CPU.Build.0 = Release|Any CPU
		{CADFB63A-760B-4F80-93D7-6F4B4DC4E8F7}.Debug|Any CPU.ActiveCfg = Debug|Any CPU
		{CADFB63A-760B-4F80-93D7-6F4B4DC4E8F7}.Debug|Any CPU.Build.0 = Debug|Any CPU
		{CADFB63A-760B-4F80-93D7-6F4B4DC4E8F7}.Release|Any CPU.ActiveCfg = Release|Any CPU
		{CADFB63A-760B-4F80-93D7-6F4B4DC4E8F7}.Release|Any CPU.Build.0 = Release|Any CPU
		{AEDBBE08-5FB6-4A62-96FE-7E6D414DAA26}.Debug|Any CPU.ActiveCfg = Debug|Any CPU
		{AEDBBE08-5FB6-4A62-96FE-7E6D414DAA26}.Debug|Any CPU.Build.0 = Debug|Any CPU
		{AEDBBE08-5FB6-4A62-96FE-7E6D414DAA26}.Release|Any CPU.ActiveCfg = Release|Any CPU
		{AEDBBE08-5FB6-4A62-96FE-7E6D414DAA26}.Release|Any CPU.Build.0 = Release|Any CPU
		{0A947B8D-ED4B-4DD6-B96C-FDB2772E4C3A}.Debug|Any CPU.ActiveCfg = Debug|Any CPU
		{0A947B8D-ED4B-4DD6-B96C-FDB2772E4C3A}.Debug|Any CPU.Build.0 = Debug|Any CPU
		{0A947B8D-ED4B-4DD6-B96C-FDB2772E4C3A}.Release|Any CPU.ActiveCfg = Release|Any CPU
		{0A947B8D-ED4B-4DD6-B96C-FDB2772E4C3A}.Release|Any CPU.Build.0 = Release|Any CPU
		{34073AB8-F09F-43FA-89DB-8A4B7BF4CD22}.Debug|Any CPU.ActiveCfg = Debug|Any CPU
		{34073AB8-F09F-43FA-89DB-8A4B7BF4CD22}.Debug|Any CPU.Build.0 = Debug|Any CPU
		{34073AB8-F09F-43FA-89DB-8A4B7BF4CD22}.Release|Any CPU.ActiveCfg = Release|Any CPU
		{34073AB8-F09F-43FA-89DB-8A4B7BF4CD22}.Release|Any CPU.Build.0 = Release|Any CPU
		{3F42AA82-D117-4D17-BD49-74E33D319AE8}.Debug|Any CPU.ActiveCfg = Debug|Any CPU
		{3F42AA82-D117-4D17-BD49-74E33D319AE8}.Debug|Any CPU.Build.0 = Debug|Any CPU
		{3F42AA82-D117-4D17-BD49-74E33D319AE8}.Release|Any CPU.ActiveCfg = Release|Any CPU
		{3F42AA82-D117-4D17-BD49-74E33D319AE8}.Release|Any CPU.Build.0 = Release|Any CPU
	EndGlobalSection
	GlobalSection(SolutionProperties) = preSolution
		HideSolutionNode = FALSE
	EndGlobalSection
	GlobalSection(NestedProjects) = preSolution
		{6821AB30-992D-4F81-99EB-6B9E28F9FE43} = {488FEB55-0822-4327-96E3-542D988D1249}
		{5F9609BE-BD5B-4969-A88D-20D3CC942A50} = {488FEB55-0822-4327-96E3-542D988D1249}
		{AEDBBE08-5FB6-4A62-96FE-7E6D414DAA26} = {488FEB55-0822-4327-96E3-542D988D1249}
		{34073AB8-F09F-43FA-89DB-8A4B7BF4CD22} = {488FEB55-0822-4327-96E3-542D988D1249}
		{3F42AA82-D117-4D17-BD49-74E33D319AE8} = {488FEB55-0822-4327-96E3-542D988D1249}
		{D59D0AD3-F31E-4DBE-979A-0C26C1BF3DDA} = {B560E29F-2652-4C0B-82C9-0BAD5C65F4A5}
		{6A25E6B3-529C-42F2-997A-B8A2BD2B2A36} = {11DEE367-C7E5-46DB-8C04-7FD544A5DF89}
	EndGlobalSection
EndGlobal
